{
  "name": "example-app",
  "version": "1.0.0",
  "lockfileVersion": 3,
  "requires": true,
  "packages": {
    "": {
      "name": "example-app",
      "version": "1.0.0",
      "dependencies": {
        "my-iteration-lib": "file:../my-lib"
      }
    },
    "../my-lib": {
      "name": "my-iteration-lib",
      "version": "1.0.0",
      "license": "MIT"
    },
    "node_modules/my-iteration-lib": {
      "resolved": "../my-lib",
      "link": true
    }
  }
}
